
Microsoft Visual Studio Solution File, Format Version 12.00
# Visual Studio 2013
VisualStudioVersion = 12.0.31101.0
MinimumVisualStudioVersion = 10.0.40219.1
Project("{FAE04EC0-301F-11D3-BF4B-00C04F79EFBC}") = "EF-Mapping", "EF-Mapping\EF-Mapping.csproj", "{1B875460-93D8-4A73-95C4-52A826457950}"
EndProject
Project("{FAE04EC0-301F-11D3-BF4B-00C04F79EFBC}") = "Export-Rivers-As-JSON", "Export-Rivers-As-JSON\Export-Rivers-As-JSON.csproj", "{555AEFFF-5DD4-4ED8-96B2-011EF5FEFA41}"
EndProject
Project("{FAE04EC0-301F-11D3-BF4B-00C04F79EFBC}") = "Export-Monasteries-As-XML", "Export-Monasteries-As-XML\Export-Monasteries-As-XML.csproj", "{3B372DF1-726D-4EA2-946E-2864A0536DCF}"
EndProject
Project("{FAE04EC0-301F-11D3-BF4B-00C04F79EFBC}") = "Import-Rivers-From-XML", "Import-Rivers-From-XML\Import-Rivers-From-XML.csproj", "{CCF4BEDD-3841-4C86-BF9C-933EC63E0F86}"
EndProject
Project("{FAE04EC0-301F-11D3-BF4B-00C04F79EFBC}") = "Rivers-By-Country", "Rivers-By-Country\Rivers-By-Country.csproj", "{68119E73-171D-482A-A9DC-96DE90DE8B95}"
EndProject
Project("{FAE04EC0-301F-11D3-BF4B-00C04F79EFBC}") = "Mountains-Code-First", "Mountains-Code-First\Mountains-Code-First.csproj", "{2964D09C-6329-4E5C-B088-7B8175D4B3CC}"
EndProject
Project("{FAE04EC0-301F-11D3-BF4B-00C04F79EFBC}") = "Import-Mountains", "Import-Mountains\Import-Mountains.csproj", "{E798C397-8438-49AF-B9BA-5C3CC5046B3E}"
EndProject
Global
	GlobalSection(SolutionConfigurationPlatforms) = preSolution
		Debug|Any CPU = Debug|Any CPU
		Release|Any CPU = Release|Any CPU
	EndGlobalSection
	GlobalSection(ProjectConfigurationPlatforms) = postSolution
		{1B875460-93D8-4A73-95C4-52A826457950}.Debug|Any CPU.ActiveCfg = Debug|Any CPU
		{1B875460-93D8-4A73-95C4-52A826457950}.Debug|Any CPU.Build.0 = Debug|Any CPU
		{1B875460-93D8-4A73-95C4-52A826457950}.Release|Any CPU.ActiveCfg = Release|Any CPU
		{1B875460-93D8-4A73-95C4-52A826457950}.Release|Any CPU.Build.0 = Release|Any CPU
		{555AEFFF-5DD4-4ED8-96B2-011EF5FEFA41}.Debug|Any CPU.ActiveCfg = Debug|Any CPU
		{555AEFFF-5DD4-4ED8-96B2-011EF5FEFA41}.Debug|Any CPU.Build.0 = Debug|Any CPU
		{555AEFFF-5DD4-4ED8-96B2-011EF5FEFA41}.Release|Any CPU.ActiveCfg = Release|Any CPU
		{555AEFFF-5DD4-4ED8-96B2-011EF5FEFA41}.Release|Any CPU.Build.0 = Release|Any CPU
		{3B372DF1-726D-4EA2-946E-2864A0536DCF}.Debug|Any CPU.ActiveCfg = Debug|Any CPU
		{3B372DF1-726D-4EA2-946E-2864A0536DCF}.Debug|Any CPU.Build.0 = Debug|Any CPU
		{3B372DF1-726D-4EA2-946E-2864A0536DCF}.Release|Any CPU.ActiveCfg = Release|Any CPU
		{3B372DF1-726D-4EA2-946E-2864A0536DCF}.Release|Any CPU.Build.0 = Release|Any CPU
		{CCF4BEDD-3841-4C86-BF9C-933EC63E0F86}.Debug|Any CPU.ActiveCfg = Debug|Any CPU
		{CCF4BEDD-3841-4C86-BF9C-933EC63E0F86}.Debug|Any CPU.Build.0 = Debug|Any CPU
		{CCF4BEDD-3841-4C86-BF9C-933EC63E0F86}.Release|Any CPU.ActiveCfg = Release|Any CPU
		{CCF4BEDD-3841-4C86-BF9C-933EC63E0F86}.Release|Any CPU.Build.0 = Release|Any CPU
		{68119E73-171D-482A-A9DC-96DE90DE8B95}.Debug|Any CPU.ActiveCfg = Debug|Any CPU
		{68119E73-171D-482A-A9DC-96DE90DE8B95}.Debug|Any CPU.Build.0 = Debug|Any CPU
		{68119E73-171D-482A-A9DC-96DE90DE8B95}.Release|Any CPU.ActiveCfg = Release|Any CPU
		{68119E73-171D-482A-A9DC-96DE90DE8B95}.Release|Any CPU.Build.0 = Release|Any CPU
		{2964D09C-6329-4E5C-B088-7B8175D4B3CC}.Debug|Any CPU.ActiveCfg = Debug|Any CPU
		{2964D09C-6329-4E5C-B088-7B8175D4B3CC}.Debug|Any CPU.Build.0 = Debug|Any CPU
		{2964D09C-6329-4E5C-B088-7B8175D4B3CC}.Release|Any CPU.ActiveCfg = Release|Any CPU
		{2964D09C-6329-4E5C-B088-7B8175D4B3CC}.Release|Any CPU.Build.0 = Release|Any CPU
		{E798C397-8438-49AF-B9BA-5C3CC5046B3E}.Debug|Any CPU.ActiveCfg = Debug|Any CPU
		{E798C397-8438-49AF-B9BA-5C3CC5046B3E}.Debug|Any CPU.Build.0 = Debug|Any CPU
		{E798C397-8438-49AF-B9BA-5C3CC5046B3E}.Release|Any CPU.ActiveCfg = Release|Any CPU
		{E798C397-8438-49AF-B9BA-5C3CC5046B3E}.Release|Any CPU.Build.0 = Release|Any CPU
	EndGlobalSection
	GlobalSection(SolutionProperties) = preSolution
		HideSolutionNode = FALSE
	EndGlobalSection
EndGlobal
